
Microsoft Visual Studio Solution File, Format Version 11.00
# Visual C# Express 2010
Project("{FAE04EC0-301F-11D3-BF4B-00C04F79EFBC}") = "IPChangerX", "IPChangerX\IPChangerX.csproj", "{B48EE4AD-CFCC-4912-8A23-F25907D5ABE2}"
EndProject
Global
	GlobalSection(SolutionConfigurationPlatforms) = preSolution
		Debug|x86 = Debug|x86
		Release|x86 = Release|x86
	EndGlobalSection
	GlobalSection(ProjectConfigurationPlatforms) = postSolution
		{B48EE4AD-CFCC-4912-8A23-F25907D5ABE2}.Debug|x86.ActiveCfg = Debug|x86
		{B48EE4AD-CFCC-4912-8A23-F25907D5ABE2}.Debug|x86.Build.0 = Debug|x86
		{B48EE4AD-CFCC-4912-8A23-F25907D5ABE2}.Release|x86.ActiveCfg = Release|x86
		{B48EE4AD-CFCC-4912-8A23-F25907D5ABE2}.Release|x86.Build.0 = Release|x86
	EndGlobalSection
	GlobalSection(SolutionProperties) = preSolution
		HideSolutionNode = FALSE
	EndGlobalSection
EndGlobal
